
Microsoft Visual Studio Solution File, Format Version 12.00
# Visual Studio Version 17
VisualStudioVersion = 17.5.002.0
MinimumVisualStudioVersion = 10.0.40219.1
Project("{9A19103F-16F7-4668-BE54-9A1E7A4F7556}") = "DiceGame", "DiceGame.csproj", "{05252743-A9C4-4A3A-929A-FEC68DCE210C}"
EndProject
Global
	GlobalSection(SolutionConfigurationPlatforms) = preSolution
		Debug|Any CPU = Debug|Any CPU
		Release|Any CPU = Release|Any CPU
	EndGlobalSection
	GlobalSection(ProjectConfigurationPlatforms) = postSolution
		{05252743-A9C4-4A3A-929A-FEC68DCE210C}.Debug|Any CPU.ActiveCfg = Debug|Any CPU
		{05252743-A9C4-4A3A-929A-FEC68DCE210C}.Debug|Any CPU.Build.0 = Debug|Any CPU
		{05252743-A9C4-4A3A-929A-FEC68DCE210C}.Release|Any CPU.ActiveCfg = Release|Any CPU
		{05252743-A9C4-4A3A-929A-FEC68DCE210C}.Release|Any CPU.Build.0 = Release|Any CPU
	EndGlobalSection
	GlobalSection(SolutionProperties) = preSolution
		HideSolutionNode = FALSE
	EndGlobalSection
	GlobalSection(ExtensibilityGlobals) = postSolution
		SolutionGuid = {19BC81EC-80B6-493C-904A-1E248158B9C7}
	EndGlobalSection
EndGlobal
